
Microsoft Visual Studio Solution File, Format Version 12.00
# Visual Studio Version 17
VisualStudioVersion = 17.8.34525.116
MinimumVisualStudioVersion = 10.0.40219.1
Project("{9A19103F-16F7-4668-BE54-9A1E7A4F7556}") = "GLABApp", "GLABApp.csproj", "{860E36FC-0775-4834-9DB2-DD2E799483D6}"
EndProject
Project("{9A19103F-16F7-4668-BE54-9A1E7A4F7556}") = "GLABInfra", "..\GLAB.infra\GLABInfra.csproj", "{56E1E9E8-58C0-4F89-93CA-DA319F106919}"
EndProject
Project("{9A19103F-16F7-4668-BE54-9A1E7A4F7556}") = "GLABDomains", "..\GLAB.domain\GLABDomains.csproj", "{29BE63F9-74E5-4A0B-AD70-8C9CB0875A58}"
EndProject
Global
	GlobalSection(SolutionConfigurationPlatforms) = preSolution
		Debug|Any CPU = Debug|Any CPU
		Release|Any CPU = Release|Any CPU
	EndGlobalSection
	GlobalSection(ProjectConfigurationPlatforms) = postSolution
		{860E36FC-0775-4834-9DB2-DD2E799483D6}.Debug|Any CPU.ActiveCfg = Debug|Any CPU
		{860E36FC-0775-4834-9DB2-DD2E799483D6}.Debug|Any CPU.Build.0 = Debug|Any CPU
		{860E36FC-0775-4834-9DB2-DD2E799483D6}.Release|Any CPU.ActiveCfg = Release|Any CPU
		{860E36FC-0775-4834-9DB2-DD2E799483D6}.Release|Any CPU.Build.0 = Release|Any CPU
		{56E1E9E8-58C0-4F89-93CA-DA319F106919}.Debug|Any CPU.ActiveCfg = Debug|Any CPU
		{56E1E9E8-58C0-4F89-93CA-DA319F106919}.Debug|Any CPU.Build.0 = Debug|Any CPU
		{56E1E9E8-58C0-4F89-93CA-DA319F106919}.Release|Any CPU.ActiveCfg = Release|Any CPU
		{56E1E9E8-58C0-4F89-93CA-DA319F106919}.Release|Any CPU.Build.0 = Release|Any CPU
		{29BE63F9-74E5-4A0B-AD70-8C9CB0875A58}.Debug|Any CPU.ActiveCfg = Debug|Any CPU
		{29BE63F9-74E5-4A0B-AD70-8C9CB0875A58}.Debug|Any CPU.Build.0 = Debug|Any CPU
		{29BE63F9-74E5-4A0B-AD70-8C9CB0875A58}.Release|Any CPU.ActiveCfg = Release|Any CPU
		{29BE63F9-74E5-4A0B-AD70-8C9CB0875A58}.Release|Any CPU.Build.0 = Release|Any CPU
	EndGlobalSection
	GlobalSection(SolutionProperties) = preSolution
		HideSolutionNode = FALSE
	EndGlobalSection
	GlobalSection(ExtensibilityGlobals) = postSolution
		SolutionGuid = {61A65EC8-F7E4-4926-B0F5-15EBDAC85BD5}
	EndGlobalSection
EndGlobal
